
Microsoft Visual Studio Solution File, Format Version 12.00
# Visual Studio Version 16
VisualStudioVersion = 16.0.30204.135
MinimumVisualStudioVersion = 10.0.40219.1
Project("{FAE04EC0-301F-11D3-BF4B-00C04F79EFBC}") = "SegundaFaceIU.Android", "SegundaFaceIU\SegundaFaceIU.Android\SegundaFaceIU.Android.csproj", "{2B1083BB-8420-4555-899E-B4748805993D}"
EndProject
Project("{FAE04EC0-301F-11D3-BF4B-00C04F79EFBC}") = "SegundaFaceIU.iOS", "SegundaFaceIU\SegundaFaceIU.iOS\SegundaFaceIU.iOS.csproj", "{4498D1EE-994E-4A1C-BF9A-77808297D81D}"
EndProject
Project("{FAE04EC0-301F-11D3-BF4B-00C04F79EFBC}") = "SegundaFaceIU", "SegundaFaceIU\SegundaFaceIU\SegundaFaceIU.csproj", "{4FF32048-944B-4244-BED0-0D6965A600A3}"
EndProject
Global
	GlobalSection(SolutionConfigurationPlatforms) = preSolution
		Debug|Any CPU = Debug|Any CPU
		Debug|iPhone = Debug|iPhone
		Debug|iPhoneSimulator = Debug|iPhoneSimulator
		Release|Any CPU = Release|Any CPU
		Release|iPhone = Release|iPhone
		Release|iPhoneSimulator = Release|iPhoneSimulator
	EndGlobalSection
	GlobalSection(ProjectConfigurationPlatforms) = postSolution
		{2B1083BB-8420-4555-899E-B4748805993D}.Debug|Any CPU.ActiveCfg = Debug|Any CPU
		{2B1083BB-8420-4555-899E-B4748805993D}.Debug|Any CPU.Build.0 = Debug|Any CPU
		{2B1083BB-8420-4555-899E-B4748805993D}.Debug|Any CPU.Deploy.0 = Debug|Any CPU
		{2B1083BB-8420-4555-899E-B4748805993D}.Debug|iPhone.ActiveCfg = Debug|Any CPU
		{2B1083BB-8420-4555-899E-B4748805993D}.Debug|iPhone.Build.0 = Debug|Any CPU
		{2B1083BB-8420-4555-899E-B4748805993D}.Debug|iPhone.Deploy.0 = Debug|Any CPU
		{2B1083BB-8420-4555-899E-B4748805993D}.Debug|iPhoneSimulator.ActiveCfg = Debug|Any CPU
		{2B1083BB-8420-4555-899E-B4748805993D}.Debug|iPhoneSimulator.Build.0 = Debug|Any CPU
		{2B1083BB-8420-4555-899E-B4748805993D}.Debug|iPhoneSimulator.Deploy.0 = Debug|Any CPU
		{2B1083BB-8420-4555-899E-B4748805993D}.Release|Any CPU.ActiveCfg = Release|Any CPU
		{2B1083BB-8420-4555-899E-B4748805993D}.Release|Any CPU.Build.0 = Release|Any CPU
		{2B1083BB-8420-4555-899E-B4748805993D}.Release|Any CPU.Deploy.0 = Release|Any CPU
		{2B1083BB-8420-4555-899E-B4748805993D}.Release|iPhone.ActiveCfg = Release|Any CPU
		{2B1083BB-8420-4555-899E-B4748805993D}.Release|iPhone.Build.0 = Release|Any CPU
		{2B1083BB-8420-4555-899E-B4748805993D}.Release|iPhone.Deploy.0 = Release|Any CPU
		{2B1083BB-8420-4555-899E-B4748805993D}.Release|iPhoneSimulator.ActiveCfg = Release|Any CPU
		{2B1083BB-8420-4555-899E-B4748805993D}.Release|iPhoneSimulator.Build.0 = Release|Any CPU
		{2B1083BB-8420-4555-899E-B4748805993D}.Release|iPhoneSimulator.Deploy.0 = Release|Any CPU
		{4498D1EE-994E-4A1C-BF9A-77808297D81D}.Debug|Any CPU.ActiveCfg = Debug|iPhone
		{4498D1EE-994E-4A1C-BF9A-77808297D81D}.Debug|Any CPU.Build.0 = Debug|iPhone
		{4498D1EE-994E-4A1C-BF9A-77808297D81D}.Debug|Any CPU.Deploy.0 = Debug|iPhone
		{4498D1EE-994E-4A1C-BF9A-77808297D81D}.Debug|iPhone.ActiveCfg = Debug|iPhone
		{4498D1EE-994E-4A1C-BF9A-77808297D81D}.Debug|iPhone.Build.0 = Debug|iPhone
		{4498D1EE-994E-4A1C-BF9A-77808297D81D}.Debug|iPhone.Deploy.0 = Debug|iPhone
		{4498D1EE-994E-4A1C-BF9A-77808297D81D}.Debug|iPhoneSimulator.ActiveCfg = Debug|iPhoneSimulator
		{4498D1EE-994E-4A1C-BF9A-77808297D81D}.Debug|iPhoneSimulator.Build.0 = Debug|iPhoneSimulator
		{4498D1EE-994E-4A1C-BF9A-77808297D81D}.Debug|iPhoneSimulator.Deploy.0 = Debug|iPhoneSimulator
		{4498D1EE-994E-4A1C-BF9A-77808297D81D}.Release|Any CPU.ActiveCfg = Release|iPhone
		{4498D1EE-994E-4A1C-BF9A-77808297D81D}.Release|Any CPU.Build.0 = Release|iPhone
		{4498D1EE-994E-4A1C-BF9A-77808297D81D}.Release|Any CPU.Deploy.0 = Release|iPhone
		{4498D1EE-994E-4A1C-BF9A-77808297D81D}.Release|iPhone.ActiveCfg = Release|iPhone
		{4498D1EE-994E-4A1C-BF9A-77808297D81D}.Release|iPhone.Build.0 = Release|iPhone
		{4498D1EE-994E-4A1C-BF9A-77808297D81D}.Release|iPhone.Deploy.0 = Release|iPhone
		{4498D1EE-994E-4A1C-BF9A-77808297D81D}.Release|iPhoneSimulator.ActiveCfg = Release|iPhoneSimulator
		{4498D1EE-994E-4A1C-BF9A-77808297D81D}.Release|iPhoneSimulator.Build.0 = Release|iPhoneSimulator
		{4498D1EE-994E-4A1C-BF9A-77808297D81D}.Release|iPhoneSimulator.Deploy.0 = Release|iPhoneSimulator
		{4FF32048-944B-4244-BED0-0D6965A600A3}.Debug|Any CPU.ActiveCfg = Debug|Any CPU
		{4FF32048-944B-4244-BED0-0D6965A600A3}.Debug|Any CPU.Build.0 = Debug|Any CPU
		{4FF32048-944B-4244-BED0-0D6965A600A3}.Debug|Any CPU.Deploy.0 = Debug|Any CPU
		{4FF32048-944B-4244-BED0-0D6965A600A3}.Debug|iPhone.ActiveCfg = Debug|Any CPU
		{4FF32048-944B-4244-BED0-0D6965A600A3}.Debug|iPhone.Build.0 = Debug|Any CPU
		{4FF32048-944B-4244-BED0-0D6965A600A3}.Debug|iPhone.Deploy.0 = Debug|Any CPU
		{4FF32048-944B-4244-BED0-0D6965A600A3}.Debug|iPhoneSimulator.ActiveCfg = Debug|Any CPU
		{4FF32048-944B-4244-BED0-0D6965A600A3}.Debug|iPhoneSimulator.Build.0 = Debug|Any CPU
		{4FF32048-944B-4244-BED0-0D6965A600A3}.Debug|iPhoneSimulator.Deploy.0 = Debug|Any CPU
		{4FF32048-944B-4244-BED0-0D6965A600A3}.Release|Any CPU.ActiveCfg = Release|Any CPU
		{4FF32048-944B-4244-BED0-0D6965A600A3}.Release|Any CPU.Build.0 = Release|Any CPU
		{4FF32048-944B-4244-BED0-0D6965A600A3}.Release|Any CPU.Deploy.0 = Release|Any CPU
		{4FF32048-944B-4244-BED0-0D6965A600A3}.Release|iPhone.ActiveCfg = Release|Any CPU
		{4FF32048-944B-4244-BED0-0D6965A600A3}.Release|iPhone.Build.0 = Release|Any CPU
		{4FF32048-944B-4244-BED0-0D6965A600A3}.Release|iPhone.Deploy.0 = Release|Any CPU
		{4FF32048-944B-4244-BED0-0D6965A600A3}.Release|iPhoneSimulator.ActiveCfg = Release|Any CPU
		{4FF32048-944B-4244-BED0-0D6965A600A3}.Release|iPhoneSimulator.Build.0 = Release|Any CPU
		{4FF32048-944B-4244-BED0-0D6965A600A3}.Release|iPhoneSimulator.Deploy.0 = Release|Any CPU
	EndGlobalSection
	GlobalSection(SolutionProperties) = preSolution
		HideSolutionNode = FALSE
	EndGlobalSection
	GlobalSection(ExtensibilityGlobals) = postSolution
		SolutionGuid = {C3685C25-1F67-4939-BADF-6FE8F8037EC6}
	EndGlobalSection
EndGlobal
